
Microsoft Visual Studio Solution File, Format Version 12.00
# Visual Studio 2013
VisualStudioVersion = 12.0.31101.0
MinimumVisualStudioVersion = 10.0.40219.1
Project("{2150E333-8FDC-42A3-9474-1A3956D46DE8}") = "Base", "Base", "{0B559BB9-8C9B-4931-B087-06EE8EF5C22D}"
EndProject
Project("{2150E333-8FDC-42A3-9474-1A3956D46DE8}") = "Form", "Form", "{8AD5C3D9-EC08-4F83-B4F4-6B7944173B6B}"
EndProject
Project("{2150E333-8FDC-42A3-9474-1A3956D46DE8}") = "Report", "Report", "{B2A90B0D-2930-478A-9391-AC9AA87666D0}"
EndProject
Project("{2150E333-8FDC-42A3-9474-1A3956D46DE8}") = "Global", "Global", "{810D1D0F-F617-429D-A7FF-3FA47BB3218F}"
EndProject
Project("{FAE04EC0-301F-11D3-BF4B-00C04F79EFBC}") = "PRO.Data", "PRO.Data\PRO.Data.csproj", "{0A96440D-AD3C-4FDD-AF17-3F701D934E64}"
EndProject
Project("{FAE04EC0-301F-11D3-BF4B-00C04F79EFBC}") = "PRO.Global", "PRO.Global\PRO.Global.csproj", "{30FD4868-D48F-4F67-B36A-060DF24E688C}"
EndProject
Project("{FAE04EC0-301F-11D3-BF4B-00C04F79EFBC}") = "PRO.Control", "PRO.Control\PRO.Control.csproj", "{1C370DEC-36DE-458F-911A-A453F7ECE39C}"
EndProject
Project("{FAE04EC0-301F-11D3-BF4B-00C04F79EFBC}") = "PRO.Sistem", "PRO.System\PRO.Sistem.csproj", "{3F7870F3-B097-4DEB-B73C-CE6DAA592D0F}"
EndProject
Project("{FAE04EC0-301F-11D3-BF4B-00C04F79EFBC}") = "PRO.Master", "PRO.Master\PRO.Master.csproj", "{AB39C052-0F65-4F4B-844E-C0620C7ABEDC}"
EndProject
Project("{2150E333-8FDC-42A3-9474-1A3956D46DE8}") = "Finans", "Finans", "{B8631E68-D940-4682-9553-FB94DC055BDC}"
EndProject
Project("{2150E333-8FDC-42A3-9474-1A3956D46DE8}") = "Stok", "Stok", "{CDE74DD5-F4E8-4F32-A9B9-373EBF646176}"
EndProject
Project("{2150E333-8FDC-42A3-9474-1A3956D46DE8}") = "Data", "Data", "{BF9D539F-E1D6-4C16-87B7-617593852133}"
EndProject
Project("{2150E333-8FDC-42A3-9474-1A3956D46DE8}") = "Win", "Win", "{8BB98C92-A305-4206-B7F7-89DE8CE43D2F}"
EndProject
Project("{2150E333-8FDC-42A3-9474-1A3956D46DE8}") = "Data", "Data", "{AF1CFC2E-59C1-44D1-8836-90F9B3687E59}"
EndProject
Project("{2150E333-8FDC-42A3-9474-1A3956D46DE8}") = "Win", "Win", "{1B2BF251-E997-4F71-A349-6087E2840454}"
EndProject
Project("{2150E333-8FDC-42A3-9474-1A3956D46DE8}") = "Data", "Data", "{AAD26B52-19AF-4EDC-B569-A80F93466FB4}"
EndProject
Project("{2150E333-8FDC-42A3-9474-1A3956D46DE8}") = "Win", "Win", "{111613FE-438B-4557-B07F-AE0EB51FC96C}"
EndProject
Project("{FAE04EC0-301F-11D3-BF4B-00C04F79EFBC}") = "PRO.Data.Finans", "PRO.Data.Finans\PRO.Data.Finans.csproj", "{9A49EDB7-07D8-4933-A8BA-A008A17932CD}"
EndProject
Project("{FAE04EC0-301F-11D3-BF4B-00C04F79EFBC}") = "PRO.Win.Finans", "PRO.Win.Finans\PRO.Win.Finans.csproj", "{3ECE2579-58C7-4464-BF5E-4F5B7FF998EB}"
EndProject
Project("{FAE04EC0-301F-11D3-BF4B-00C04F79EFBC}") = "PRO.Data.Global", "PRO.Data.Global\PRO.Data.Global.csproj", "{888F707E-A658-4504-9087-539C974D36D1}"
EndProject
Project("{FAE04EC0-301F-11D3-BF4B-00C04F79EFBC}") = "PRO.Win.Global", "PRO.Win.Global\PRO.Win.Global.csproj", "{9C964181-626E-4AC4-ABC2-6D1D90D88E5B}"
EndProject
Project("{FAE04EC0-301F-11D3-BF4B-00C04F79EFBC}") = "PRO.Data.Stok", "PRO.Data.Stok\PRO.Data.Stok.csproj", "{8572D127-CF70-4EFC-9879-4F39071492E4}"
EndProject
Project("{FAE04EC0-301F-11D3-BF4B-00C04F79EFBC}") = "PRO.Win.Stok", "PRO.Win.Stok\PRO.Win.Stok.csproj", "{8A12D5C4-959F-471D-9E7F-1B58C29891E2}"
EndProject
Project("{2150E333-8FDC-42A3-9474-1A3956D46DE8}") = "Siparis", "Siparis", "{D2C4757F-7679-42C4-99AC-5677A3BBEE2E}"
EndProject
Project("{FAE04EC0-301F-11D3-BF4B-00C04F79EFBC}") = "PRO.Data.Siparis", "PRO.Data.Siparis\PRO.Data.Siparis.csproj", "{BF46A85E-A4DB-47DD-89C7-16F7A6577BDB}"
EndProject
Project("{2150E333-8FDC-42A3-9474-1A3956D46DE8}") = "Data", "Data", "{50ED364C-19E6-4073-8110-B7427A700BD6}"
EndProject
Project("{2150E333-8FDC-42A3-9474-1A3956D46DE8}") = "Win", "Win", "{B67EDADF-3BA7-4FC1-8226-07EA398E0940}"
EndProject
Project("{FAE04EC0-301F-11D3-BF4B-00C04F79EFBC}") = "PRO.Win.Siparis", "PRO.Win.Siparis\PRO.Win.Siparis.csproj", "{E7D3A3DD-2153-4980-B006-3CF088B9C659}"
EndProject
Project("{FAE04EC0-301F-11D3-BF4B-00C04F79EFBC}") = "PRO.Report", "PRO.Win.Report\PRO.Report.csproj", "{179B81B5-3AD4-44B5-BF01-A7201AFC5A8F}"
EndProject
Project("{2150E333-8FDC-42A3-9474-1A3956D46DE8}") = "Depo", "Depo", "{2348034A-B083-4BB2-87C0-AE86C744667D}"
EndProject
Project("{2150E333-8FDC-42A3-9474-1A3956D46DE8}") = "Data", "Data", "{3AE51E11-21EF-4080-8AA4-8E9C8674C329}"
EndProject
Project("{2150E333-8FDC-42A3-9474-1A3956D46DE8}") = "Win", "Win", "{0005F07F-6CF5-49F3-8A42-C2CE5DEF5910}"
EndProject
Project("{FAE04EC0-301F-11D3-BF4B-00C04F79EFBC}") = "PRO.Data.Depo", "PRO.Data.Depo\PRO.Data.Depo.csproj", "{18F614E4-3F9C-41BE-A727-87F7D5DC1335}"
EndProject
Project("{FAE04EC0-301F-11D3-BF4B-00C04F79EFBC}") = "PRO.Win.Depo", "PRO.Win.Depo\PRO.Win.Depo.csproj", "{4E1331F7-0176-4B2C-9701-3ED580C03323}"
EndProject
Global
	GlobalSection(TeamFoundationVersionControl) = preSolution
		SccNumberOfProjects = 17
		SccEnterpriseProvider = {4CA58AB2-18FA-4F8D-95D4-32DDF27D184C}
		SccTeamFoundationServer = https://fat1hh.visualstudio.com/defaultcollection
		SccLocalPath0 = .
		SccProjectUniqueName1 = PRO.Control\\PRO.Control.csproj
		SccProjectTopLevelParentUniqueName1 = PRO.sln
		SccProjectName1 = PRO.Control
		SccLocalPath1 = PRO.Control
		SccProjectUniqueName2 = PRO.Data\\PRO.Data.csproj
		SccProjectTopLevelParentUniqueName2 = PRO.sln
		SccProjectName2 = PRO.Data
		SccLocalPath2 = PRO.Data
		SccProjectUniqueName3 = PRO.Global\\PRO.Global.csproj
		SccProjectTopLevelParentUniqueName3 = PRO.sln
		SccProjectName3 = PRO.Global
		SccLocalPath3 = PRO.Global
		SccProjectUniqueName4 = PRO.Master\\PRO.Master.csproj
		SccProjectTopLevelParentUniqueName4 = PRO.sln
		SccProjectName4 = PRO.Master
		SccLocalPath4 = PRO.Master
		SccProjectUniqueName5 = PRO.System\\PRO.Sistem.csproj
		SccProjectTopLevelParentUniqueName5 = PRO.sln
		SccProjectName5 = PRO.System
		SccLocalPath5 = PRO.System
		SccProjectUniqueName6 = PRO.Data.Finans\\PRO.Data.Finans.csproj
		SccProjectTopLevelParentUniqueName6 = PRO.sln
		SccProjectName6 = PRO.Data.Finans
		SccLocalPath6 = PRO.Data.Finans
		SccProjectUniqueName7 = PRO.Win.Finans\\PRO.Win.Finans.csproj
		SccProjectTopLevelParentUniqueName7 = PRO.sln
		SccProjectName7 = PRO.Win.Finans
		SccLocalPath7 = PRO.Win.Finans
		SccProjectUniqueName8 = PRO.Data.Global\\PRO.Data.Global.csproj
		SccProjectTopLevelParentUniqueName8 = PRO.sln
		SccProjectName8 = PRO.Data.Global
		SccLocalPath8 = PRO.Data.Global
		SccProjectUniqueName9 = PRO.Win.Global\\PRO.Win.Global.csproj
		SccProjectTopLevelParentUniqueName9 = PRO.sln
		SccProjectName9 = PRO.Win.Global
		SccLocalPath9 = PRO.Win.Global
		SccProjectUniqueName10 = PRO.Data.Stok\\PRO.Data.Stok.csproj
		SccProjectTopLevelParentUniqueName10 = PRO.sln
		SccProjectName10 = PRO.Data.Stok
		SccLocalPath10 = PRO.Data.Stok
		SccProjectUniqueName11 = PRO.Win.Stok\\PRO.Win.Stok.csproj
		SccProjectTopLevelParentUniqueName11 = PRO.sln
		SccProjectName11 = PRO.Win.Stok
		SccLocalPath11 = PRO.Win.Stok
		SccProjectUniqueName12 = PRO.Data.Siparis\\PRO.Data.Siparis.csproj
		SccProjectTopLevelParentUniqueName12 = PRO.sln
		SccProjectName12 = PRO.Data.Siparis
		SccLocalPath12 = PRO.Data.Siparis
		SccProjectUniqueName13 = PRO.Win.Siparis\\PRO.Win.Siparis.csproj
		SccProjectTopLevelParentUniqueName13 = PRO.sln
		SccProjectName13 = PRO.Win.Siparis
		SccLocalPath13 = PRO.Win.Siparis
		SccProjectUniqueName14 = PRO.Win.Report\\PRO.Report.csproj
		SccProjectTopLevelParentUniqueName14 = PRO.sln
		SccProjectName14 = PRO.Win.Report
		SccLocalPath14 = PRO.Win.Report
		SccProjectUniqueName15 = PRO.Data.Depo\\PRO.Data.Depo.csproj
		SccProjectTopLevelParentUniqueName15 = PRO.sln
		SccProjectName15 = PRO.Data.Depo
		SccLocalPath15 = PRO.Data.Depo
		SccProjectUniqueName16 = PRO.Win.Depo\\PRO.Win.Depo.csproj
		SccProjectTopLevelParentUniqueName16 = PRO.sln
		SccProjectName16 = PRO.Win.Depo
		SccLocalPath16 = PRO.Win.Depo
	EndGlobalSection
	GlobalSection(SolutionConfigurationPlatforms) = preSolution
		Debug|Any CPU = Debug|Any CPU
		Release|Any CPU = Release|Any CPU
	EndGlobalSection
	GlobalSection(ProjectConfigurationPlatforms) = postSolution
		{0A96440D-AD3C-4FDD-AF17-3F701D934E64}.Debug|Any CPU.ActiveCfg = Debug|Any CPU
		{0A96440D-AD3C-4FDD-AF17-3F701D934E64}.Debug|Any CPU.Build.0 = Debug|Any CPU
		{0A96440D-AD3C-4FDD-AF17-3F701D934E64}.Release|Any CPU.ActiveCfg = Release|Any CPU
		{0A96440D-AD3C-4FDD-AF17-3F701D934E64}.Release|Any CPU.Build.0 = Release|Any CPU
		{30FD4868-D48F-4F67-B36A-060DF24E688C}.Debug|Any CPU.ActiveCfg = Debug|Any CPU
		{30FD4868-D48F-4F67-B36A-060DF24E688C}.Debug|Any CPU.Build.0 = Debug|Any CPU
		{30FD4868-D48F-4F67-B36A-060DF24E688C}.Release|Any CPU.ActiveCfg = Release|Any CPU
		{30FD4868-D48F-4F67-B36A-060DF24E688C}.Release|Any CPU.Build.0 = Release|Any CPU
		{1C370DEC-36DE-458F-911A-A453F7ECE39C}.Debug|Any CPU.ActiveCfg = Debug|Any CPU
		{1C370DEC-36DE-458F-911A-A453F7ECE39C}.Debug|Any CPU.Build.0 = Debug|Any CPU
		{1C370DEC-36DE-458F-911A-A453F7ECE39C}.Release|Any CPU.ActiveCfg = Release|Any CPU
		{1C370DEC-36DE-458F-911A-A453F7ECE39C}.Release|Any CPU.Build.0 = Release|Any CPU
		{3F7870F3-B097-4DEB-B73C-CE6DAA592D0F}.Debug|Any CPU.ActiveCfg = Debug|Any CPU
		{3F7870F3-B097-4DEB-B73C-CE6DAA592D0F}.Debug|Any CPU.Build.0 = Debug|Any CPU
		{3F7870F3-B097-4DEB-B73C-CE6DAA592D0F}.Release|Any CPU.ActiveCfg = Release|Any CPU
		{3F7870F3-B097-4DEB-B73C-CE6DAA592D0F}.Release|Any CPU.Build.0 = Release|Any CPU
		{AB39C052-0F65-4F4B-844E-C0620C7ABEDC}.Debug|Any CPU.ActiveCfg = Debug|Any CPU
		{AB39C052-0F65-4F4B-844E-C0620C7ABEDC}.Debug|Any CPU.Build.0 = Debug|Any CPU
		{AB39C052-0F65-4F4B-844E-C0620C7ABEDC}.Release|Any CPU.ActiveCfg = Release|Any CPU
		{AB39C052-0F65-4F4B-844E-C0620C7ABEDC}.Release|Any CPU.Build.0 = Release|Any CPU
		{9A49EDB7-07D8-4933-A8BA-A008A17932CD}.Debug|Any CPU.ActiveCfg = Debug|Any CPU
		{9A49EDB7-07D8-4933-A8BA-A008A17932CD}.Debug|Any CPU.Build.0 = Debug|Any CPU
		{9A49EDB7-07D8-4933-A8BA-A008A17932CD}.Release|Any CPU.ActiveCfg = Release|Any CPU
		{9A49EDB7-07D8-4933-A8BA-A008A17932CD}.Release|Any CPU.Build.0 = Release|Any CPU
		{3ECE2579-58C7-4464-BF5E-4F5B7FF998EB}.Debug|Any CPU.ActiveCfg = Debug|Any CPU
		{3ECE2579-58C7-4464-BF5E-4F5B7FF998EB}.Debug|Any CPU.Build.0 = Debug|Any CPU
		{3ECE2579-58C7-4464-BF5E-4F5B7FF998EB}.Release|Any CPU.ActiveCfg = Release|Any CPU
		{3ECE2579-58C7-4464-BF5E-4F5B7FF998EB}.Release|Any CPU.Build.0 = Release|Any CPU
		{888F707E-A658-4504-9087-539C974D36D1}.Debug|Any CPU.ActiveCfg = Debug|Any CPU
		{888F707E-A658-4504-9087-539C974D36D1}.Debug|Any CPU.Build.0 = Debug|Any CPU
		{888F707E-A658-4504-9087-539C974D36D1}.Release|Any CPU.ActiveCfg = Release|Any CPU
		{888F707E-A658-4504-9087-539C974D36D1}.Release|Any CPU.Build.0 = Release|Any CPU
		{9C964181-626E-4AC4-ABC2-6D1D90D88E5B}.Debug|Any CPU.ActiveCfg = Debug|Any CPU
		{9C964181-626E-4AC4-ABC2-6D1D90D88E5B}.Debug|Any CPU.Build.0 = Debug|Any CPU
		{9C964181-626E-4AC4-ABC2-6D1D90D88E5B}.Release|Any CPU.ActiveCfg = Release|Any CPU
		{9C964181-626E-4AC4-ABC2-6D1D90D88E5B}.Release|Any CPU.Build.0 = Release|Any CPU
		{8572D127-CF70-4EFC-9879-4F39071492E4}.Debug|Any CPU.ActiveCfg = Debug|Any CPU
		{8572D127-CF70-4EFC-9879-4F39071492E4}.Debug|Any CPU.Build.0 = Debug|Any CPU
		{8572D127-CF70-4EFC-9879-4F39071492E4}.Release|Any CPU.ActiveCfg = Release|Any CPU
		{8572D127-CF70-4EFC-9879-4F39071492E4}.Release|Any CPU.Build.0 = Release|Any CPU
		{8A12D5C4-959F-471D-9E7F-1B58C29891E2}.Debug|Any CPU.ActiveCfg = Debug|Any CPU
		{8A12D5C4-959F-471D-9E7F-1B58C29891E2}.Debug|Any CPU.Build.0 = Debug|Any CPU
		{8A12D5C4-959F-471D-9E7F-1B58C29891E2}.Release|Any CPU.ActiveCfg = Release|Any CPU
		{8A12D5C4-959F-471D-9E7F-1B58C29891E2}.Release|Any CPU.Build.0 = Release|Any CPU
		{BF46A85E-A4DB-47DD-89C7-16F7A6577BDB}.Debug|Any CPU.ActiveCfg = Debug|Any CPU
		{BF46A85E-A4DB-47DD-89C7-16F7A6577BDB}.Debug|Any CPU.Build.0 = Debug|Any CPU
		{BF46A85E-A4DB-47DD-89C7-16F7A6577BDB}.Release|Any CPU.ActiveCfg = Release|Any CPU
		{BF46A85E-A4DB-47DD-89C7-16F7A6577BDB}.Release|Any CPU.Build.0 = Release|Any CPU
		{E7D3A3DD-2153-4980-B006-3CF088B9C659}.Debug|Any CPU.ActiveCfg = Debug|Any CPU
		{E7D3A3DD-2153-4980-B006-3CF088B9C659}.Debug|Any CPU.Build.0 = Debug|Any CPU
		{E7D3A3DD-2153-4980-B006-3CF088B9C659}.Release|Any CPU.ActiveCfg = Release|Any CPU
		{E7D3A3DD-2153-4980-B006-3CF088B9C659}.Release|Any CPU.Build.0 = Release|Any CPU
		{179B81B5-3AD4-44B5-BF01-A7201AFC5A8F}.Debug|Any CPU.ActiveCfg = Debug|Any CPU
		{179B81B5-3AD4-44B5-BF01-A7201AFC5A8F}.Debug|Any CPU.Build.0 = Debug|Any CPU
		{179B81B5-3AD4-44B5-BF01-A7201AFC5A8F}.Release|Any CPU.ActiveCfg = Release|Any CPU
		{179B81B5-3AD4-44B5-BF01-A7201AFC5A8F}.Release|Any CPU.Build.0 = Release|Any CPU
		{18F614E4-3F9C-41BE-A727-87F7D5DC1335}.Debug|Any CPU.ActiveCfg = Debug|Any CPU
		{18F614E4-3F9C-41BE-A727-87F7D5DC1335}.Debug|Any CPU.Build.0 = Debug|Any CPU
		{18F614E4-3F9C-41BE-A727-87F7D5DC1335}.Release|Any CPU.ActiveCfg = Release|Any CPU
		{18F614E4-3F9C-41BE-A727-87F7D5DC1335}.Release|Any CPU.Build.0 = Release|Any CPU
		{4E1331F7-0176-4B2C-9701-3ED580C03323}.Debug|Any CPU.ActiveCfg = Debug|Any CPU
		{4E1331F7-0176-4B2C-9701-3ED580C03323}.Debug|Any CPU.Build.0 = Debug|Any CPU
		{4E1331F7-0176-4B2C-9701-3ED580C03323}.Release|Any CPU.ActiveCfg = Release|Any CPU
		{4E1331F7-0176-4B2C-9701-3ED580C03323}.Release|Any CPU.Build.0 = Release|Any CPU
	EndGlobalSection
	GlobalSection(SolutionProperties) = preSolution
		HideSolutionNode = FALSE
	EndGlobalSection
	GlobalSection(NestedProjects) = preSolution
		{B2A90B0D-2930-478A-9391-AC9AA87666D0} = {8AD5C3D9-EC08-4F83-B4F4-6B7944173B6B}
		{810D1D0F-F617-429D-A7FF-3FA47BB3218F} = {8AD5C3D9-EC08-4F83-B4F4-6B7944173B6B}
		{0A96440D-AD3C-4FDD-AF17-3F701D934E64} = {0B559BB9-8C9B-4931-B087-06EE8EF5C22D}
		{30FD4868-D48F-4F67-B36A-060DF24E688C} = {0B559BB9-8C9B-4931-B087-06EE8EF5C22D}
		{1C370DEC-36DE-458F-911A-A453F7ECE39C} = {0B559BB9-8C9B-4931-B087-06EE8EF5C22D}
		{3F7870F3-B097-4DEB-B73C-CE6DAA592D0F} = {0B559BB9-8C9B-4931-B087-06EE8EF5C22D}
		{AB39C052-0F65-4F4B-844E-C0620C7ABEDC} = {0B559BB9-8C9B-4931-B087-06EE8EF5C22D}
		{B8631E68-D940-4682-9553-FB94DC055BDC} = {8AD5C3D9-EC08-4F83-B4F4-6B7944173B6B}
		{CDE74DD5-F4E8-4F32-A9B9-373EBF646176} = {8AD5C3D9-EC08-4F83-B4F4-6B7944173B6B}
		{BF9D539F-E1D6-4C16-87B7-617593852133} = {B8631E68-D940-4682-9553-FB94DC055BDC}
		{8BB98C92-A305-4206-B7F7-89DE8CE43D2F} = {B8631E68-D940-4682-9553-FB94DC055BDC}
		{AF1CFC2E-59C1-44D1-8836-90F9B3687E59} = {810D1D0F-F617-429D-A7FF-3FA47BB3218F}
		{1B2BF251-E997-4F71-A349-6087E2840454} = {810D1D0F-F617-429D-A7FF-3FA47BB3218F}
		{AAD26B52-19AF-4EDC-B569-A80F93466FB4} = {CDE74DD5-F4E8-4F32-A9B9-373EBF646176}
		{111613FE-438B-4557-B07F-AE0EB51FC96C} = {CDE74DD5-F4E8-4F32-A9B9-373EBF646176}
		{9A49EDB7-07D8-4933-A8BA-A008A17932CD} = {BF9D539F-E1D6-4C16-87B7-617593852133}
		{3ECE2579-58C7-4464-BF5E-4F5B7FF998EB} = {8BB98C92-A305-4206-B7F7-89DE8CE43D2F}
		{888F707E-A658-4504-9087-539C974D36D1} = {AF1CFC2E-59C1-44D1-8836-90F9B3687E59}
		{9C964181-626E-4AC4-ABC2-6D1D90D88E5B} = {1B2BF251-E997-4F71-A349-6087E2840454}
		{8572D127-CF70-4EFC-9879-4F39071492E4} = {AAD26B52-19AF-4EDC-B569-A80F93466FB4}
		{8A12D5C4-959F-471D-9E7F-1B58C29891E2} = {111613FE-438B-4557-B07F-AE0EB51FC96C}
		{D2C4757F-7679-42C4-99AC-5677A3BBEE2E} = {8AD5C3D9-EC08-4F83-B4F4-6B7944173B6B}
		{BF46A85E-A4DB-47DD-89C7-16F7A6577BDB} = {50ED364C-19E6-4073-8110-B7427A700BD6}
		{50ED364C-19E6-4073-8110-B7427A700BD6} = {D2C4757F-7679-42C4-99AC-5677A3BBEE2E}
		{B67EDADF-3BA7-4FC1-8226-07EA398E0940} = {D2C4757F-7679-42C4-99AC-5677A3BBEE2E}
		{E7D3A3DD-2153-4980-B006-3CF088B9C659} = {B67EDADF-3BA7-4FC1-8226-07EA398E0940}
		{179B81B5-3AD4-44B5-BF01-A7201AFC5A8F} = {B2A90B0D-2930-478A-9391-AC9AA87666D0}
		{2348034A-B083-4BB2-87C0-AE86C744667D} = {8AD5C3D9-EC08-4F83-B4F4-6B7944173B6B}
		{3AE51E11-21EF-4080-8AA4-8E9C8674C329} = {2348034A-B083-4BB2-87C0-AE86C744667D}
		{0005F07F-6CF5-49F3-8A42-C2CE5DEF5910} = {2348034A-B083-4BB2-87C0-AE86C744667D}
		{18F614E4-3F9C-41BE-A727-87F7D5DC1335} = {3AE51E11-21EF-4080-8AA4-8E9C8674C329}
		{4E1331F7-0176-4B2C-9701-3ED580C03323} = {0005F07F-6CF5-49F3-8A42-C2CE5DEF5910}
	EndGlobalSection
EndGlobal
